
Microsoft Visual Studio Solution File, Format Version 12.00
# Visual Studio Version 17
VisualStudioVersion = 17.1.32210.238
MinimumVisualStudioVersion = 10.0.40219.1
Project("{FAE04EC0-301F-11D3-BF4B-00C04F79EFBC}") = "Winform1_pyoyurim", "Winform1_pyoyurim\Winform1_pyoyurim.csproj", "{F718AD9B-2565-432D-B6BA-07455B9830EF}"
EndProject
Project("{FAE04EC0-301F-11D3-BF4B-00C04F79EFBC}") = "Winform2_pyoyurim", "Winform2_pyoyurim\Winform2_pyoyurim.csproj", "{06DC98A7-CD6C-4377-9182-2D02DC840AB5}"
EndProject
Global
	GlobalSection(SolutionConfigurationPlatforms) = preSolution
		Debug|Any CPU = Debug|Any CPU
		Release|Any CPU = Release|Any CPU
	EndGlobalSection
	GlobalSection(ProjectConfigurationPlatforms) = postSolution
		{F718AD9B-2565-432D-B6BA-07455B9830EF}.Debug|Any CPU.ActiveCfg = Debug|Any CPU
		{F718AD9B-2565-432D-B6BA-07455B9830EF}.Debug|Any CPU.Build.0 = Debug|Any CPU
		{F718AD9B-2565-432D-B6BA-07455B9830EF}.Release|Any CPU.ActiveCfg = Release|Any CPU
		{F718AD9B-2565-432D-B6BA-07455B9830EF}.Release|Any CPU.Build.0 = Release|Any CPU
		{06DC98A7-CD6C-4377-9182-2D02DC840AB5}.Debug|Any CPU.ActiveCfg = Debug|Any CPU
		{06DC98A7-CD6C-4377-9182-2D02DC840AB5}.Debug|Any CPU.Build.0 = Debug|Any CPU
		{06DC98A7-CD6C-4377-9182-2D02DC840AB5}.Release|Any CPU.ActiveCfg = Release|Any CPU
		{06DC98A7-CD6C-4377-9182-2D02DC840AB5}.Release|Any CPU.Build.0 = Release|Any CPU
	EndGlobalSection
	GlobalSection(SolutionProperties) = preSolution
		HideSolutionNode = FALSE
	EndGlobalSection
	GlobalSection(ExtensibilityGlobals) = postSolution
		SolutionGuid = {D8FE16C7-8273-4A60-B31F-6DB5BB5E3E70}
	EndGlobalSection
EndGlobal
