
Microsoft Visual Studio Solution File, Format Version 12.00
# Visual Studio Version 17
VisualStudioVersion = 17.0.32014.148
MinimumVisualStudioVersion = 10.0.40219.1
Project("{FAE04EC0-301F-11D3-BF4B-00C04F79EFBC}") = "week06", "week06\week06.csproj", "{06915A8F-55D5-4929-A304-409B598E3E18}"
EndProject
Global
	GlobalSection(SolutionConfigurationPlatforms) = preSolution
		Debug|Any CPU = Debug|Any CPU
		Release|Any CPU = Release|Any CPU
	EndGlobalSection
	GlobalSection(ProjectConfigurationPlatforms) = postSolution
		{06915A8F-55D5-4929-A304-409B598E3E18}.Debug|Any CPU.ActiveCfg = Debug|Any CPU
		{06915A8F-55D5-4929-A304-409B598E3E18}.Debug|Any CPU.Build.0 = Debug|Any CPU
		{06915A8F-55D5-4929-A304-409B598E3E18}.Release|Any CPU.ActiveCfg = Release|Any CPU
		{06915A8F-55D5-4929-A304-409B598E3E18}.Release|Any CPU.Build.0 = Release|Any CPU
	EndGlobalSection
	GlobalSection(SolutionProperties) = preSolution
		HideSolutionNode = FALSE
	EndGlobalSection
	GlobalSection(ExtensibilityGlobals) = postSolution
		SolutionGuid = {01F9E3C2-0952-4E5B-AAAB-AC645E2F4B1B}
	EndGlobalSection
EndGlobal
