
Microsoft Visual Studio Solution File, Format Version 12.00
# Visual Studio Version 17
VisualStudioVersion = 17.0.32014.148
MinimumVisualStudioVersion = 10.0.40219.1
Project("{FAE04EC0-301F-11D3-BF4B-00C04F79EFBC}") = "Winform1_hansohee", "Winform1_hansohee\Winform1_hansohee.csproj", "{DC26C692-133D-4AD1-ADB8-290E19455DC2}"
EndProject
Project("{FAE04EC0-301F-11D3-BF4B-00C04F79EFBC}") = "Winform2_hansohee", "Winform2_hansohee\Winform2_hansohee.csproj", "{AABBC963-F878-4B50-9397-1BC8B4F67904}"
EndProject
Project("{FAE04EC0-301F-11D3-BF4B-00C04F79EFBC}") = "Winform3_hansohee", "Winform3_hansohee\Winform3_hansohee.csproj", "{3075A251-39FC-4145-BF1C-270ED6F848AA}"
EndProject
Global
	GlobalSection(SolutionConfigurationPlatforms) = preSolution
		Debug|Any CPU = Debug|Any CPU
		Release|Any CPU = Release|Any CPU
	EndGlobalSection
	GlobalSection(ProjectConfigurationPlatforms) = postSolution
		{DC26C692-133D-4AD1-ADB8-290E19455DC2}.Debug|Any CPU.ActiveCfg = Debug|Any CPU
		{DC26C692-133D-4AD1-ADB8-290E19455DC2}.Debug|Any CPU.Build.0 = Debug|Any CPU
		{DC26C692-133D-4AD1-ADB8-290E19455DC2}.Release|Any CPU.ActiveCfg = Release|Any CPU
		{DC26C692-133D-4AD1-ADB8-290E19455DC2}.Release|Any CPU.Build.0 = Release|Any CPU
		{AABBC963-F878-4B50-9397-1BC8B4F67904}.Debug|Any CPU.ActiveCfg = Debug|Any CPU
		{AABBC963-F878-4B50-9397-1BC8B4F67904}.Debug|Any CPU.Build.0 = Debug|Any CPU
		{AABBC963-F878-4B50-9397-1BC8B4F67904}.Release|Any CPU.ActiveCfg = Release|Any CPU
		{AABBC963-F878-4B50-9397-1BC8B4F67904}.Release|Any CPU.Build.0 = Release|Any CPU
		{3075A251-39FC-4145-BF1C-270ED6F848AA}.Debug|Any CPU.ActiveCfg = Debug|Any CPU
		{3075A251-39FC-4145-BF1C-270ED6F848AA}.Debug|Any CPU.Build.0 = Debug|Any CPU
		{3075A251-39FC-4145-BF1C-270ED6F848AA}.Release|Any CPU.ActiveCfg = Release|Any CPU
		{3075A251-39FC-4145-BF1C-270ED6F848AA}.Release|Any CPU.Build.0 = Release|Any CPU
	EndGlobalSection
	GlobalSection(SolutionProperties) = preSolution
		HideSolutionNode = FALSE
	EndGlobalSection
	GlobalSection(ExtensibilityGlobals) = postSolution
		SolutionGuid = {C643F700-8794-49C5-A4DB-878A172D6FC7}
	EndGlobalSection
EndGlobal
