
Microsoft Visual Studio Solution File, Format Version 12.00
# Visual Studio Version 17
VisualStudioVersion = 17.1.32414.318
MinimumVisualStudioVersion = 10.0.40219.1
Project("{FAE04EC0-301F-11D3-BF4B-00C04F79EFBC}") = "week10_hansohee", "week10_hansohee\week10_hansohee.csproj", "{767D2950-F877-450C-BF2B-33D699ACE5A3}"
EndProject
Global
	GlobalSection(SolutionConfigurationPlatforms) = preSolution
		Debug|Any CPU = Debug|Any CPU
		Release|Any CPU = Release|Any CPU
	EndGlobalSection
	GlobalSection(ProjectConfigurationPlatforms) = postSolution
		{767D2950-F877-450C-BF2B-33D699ACE5A3}.Debug|Any CPU.ActiveCfg = Debug|Any CPU
		{767D2950-F877-450C-BF2B-33D699ACE5A3}.Debug|Any CPU.Build.0 = Debug|Any CPU
		{767D2950-F877-450C-BF2B-33D699ACE5A3}.Release|Any CPU.ActiveCfg = Release|Any CPU
		{767D2950-F877-450C-BF2B-33D699ACE5A3}.Release|Any CPU.Build.0 = Release|Any CPU
	EndGlobalSection
	GlobalSection(SolutionProperties) = preSolution
		HideSolutionNode = FALSE
	EndGlobalSection
	GlobalSection(ExtensibilityGlobals) = postSolution
		SolutionGuid = {C6F4F78A-E0CA-46C4-B769-BB727104B9AD}
	EndGlobalSection
EndGlobal
